<?xml version="1.0" encoding="utf-8"?>
<Project ToolsVersion="4.0" xmlns="http://schemas.microsoft.com/developer/msbuild/2003">
  <ItemGroup>
    <Filter Include="Source Files">
      <UniqueIdentifier>{4FC737F1-C7A5-4376-A066-2A32D752A2FF}</UniqueIdentifier>
      <Extensions>cpp;c;cc;cxx;def;odl;idl;hpj;bat;asm;asmx</Extensions>
    </Filter>
    <Filter Include="Header Files">
      <UniqueIdentifier>{93995380-89BD-4b04-88EB-625FBE52EBFB}</UniqueIdentifier>
      <Extensions>h;hh;hpp;hxx;hm;inl;inc;ipp;xsd</Extensions>
    </Filter>
    <Filter Include="Resource Files">
      <UniqueIdentifier>{67DA6AB6-F800-4c08-8B7A-83BB121AAD01}</UniqueIdentifier>
      <Extensions>rc;ico;cur;bmp;dlg;rc2;rct;bin;rgs;gif;jpg;jpeg;jpe;resx;tiff;tif;png;wav;mfcribbon-ms</Extensions>
    </Filter>
  </ItemGroup>
  <ItemGroup>
    <ClInclude Include="pch.h">
      <Filter>Header Files</Filter>
    </ClInclude>
    <ClInclude Include="Number0.h">
      <Filter>Header Files</Filter>
    </ClInclude>
    <ClInclude Include="Number1.h">
      <Filter>Header Files</Filter>
    </ClInclude>
  </ItemGroup>
  <ItemGroup>
    <ClCompile Include="pch.cpp">
      <Filter>Source Files</Filter>
    </ClCompile>
    <ClCompile Include="Challenge.cpp">
      <Filter>Source Files</Filter>
    </ClCompile>
    <ClCompile Include="Number0.cpp">
      <Filter>Source Files</Filter>
    </ClCompile>
    <ClCompile Include="Number1.cpp">
      <Filter>Source Files</Filter>
    </ClCompile>
    <ClCompile Include="Number2.cpp">
      <Filter>Source Files</Filter>
    </ClCompile>
    <ClCompile Include="Number3.cpp">
      <Filter>Source Files</Filter>
    </ClCompile>
    <ClCompile Include="Number4.cpp">
      <Filter>Source Files</Filter>
    </ClCompile>
    <ClCompile Include="Number5.cpp">
      <Filter>Source Files</Filter>
    </ClCompile>
    <ClCompile Include="Number6.cpp">
      <Filter>Source Files</Filter>
    </ClCompile>
    <ClCompile Include="Number7.cpp">
      <Filter>Source Files</Filter>
    </ClCompile>
    <ClCompile Include="Number8.cpp">
      <Filter>Source Files</Filter>
    </ClCompile>
    <ClCompile Include="Number9.cpp">
      <Filter>Source Files</Filter>
    </ClCompile>
    <ClCompile Include="Number10.cpp">
      <Filter>Source Files</Filter>
    </ClCompile>
    <ClCompile Include="Number11.c">
      <Filter>Source Files</Filter>
    </ClCompile>
    <ClCompile Include="Number12.c">
      <Filter>Source Files</Filter>
    </ClCompile>
    <ClCompile Include="Number13.cpp">
      <Filter>Source Files</Filter>
    </ClCompile>
    <ClCompile Include="Einkaufsliste.cpp">
      <Filter>Source Files</Filter>
    </ClCompile>
    <ClCompile Include="Urlaub.cpp">
      <Filter>Source Files</Filter>
    </ClCompile>
  </ItemGroup>
</Project>